
Microsoft Visual Studio Solution File, Format Version 12.00
# Visual Studio Version 17
VisualStudioVersion = 17.9.34723.18
MinimumVisualStudioVersion = 10.0.40219.1
Project("{FAE04EC0-301F-11D3-BF4B-00C04F79EFBC}") = "ASM_ASPNETCORE", "ASM_ASPNETCORE\ASM_ASPNETCORE.csproj", "{5B59EEB9-D230-4768-88FF-6D7C9F352E0D}"
EndProject
Global
	GlobalSection(SolutionConfigurationPlatforms) = preSolution
		Debug|Any CPU = Debug|Any CPU
		Release|Any CPU = Release|Any CPU
	EndGlobalSection
	GlobalSection(ProjectConfigurationPlatforms) = postSolution
		{5B59EEB9-D230-4768-88FF-6D7C9F352E0D}.Debug|Any CPU.ActiveCfg = Debug|Any CPU
		{5B59EEB9-D230-4768-88FF-6D7C9F352E0D}.Debug|Any CPU.Build.0 = Debug|Any CPU
		{5B59EEB9-D230-4768-88FF-6D7C9F352E0D}.Release|Any CPU.ActiveCfg = Release|Any CPU
		{5B59EEB9-D230-4768-88FF-6D7C9F352E0D}.Release|Any CPU.Build.0 = Release|Any CPU
	EndGlobalSection
	GlobalSection(SolutionProperties) = preSolution
		HideSolutionNode = FALSE
	EndGlobalSection
	GlobalSection(ExtensibilityGlobals) = postSolution
		SolutionGuid = {0ACD8AB2-DE75-4CEB-9ED5-1B1EAF3F9C9C}
	EndGlobalSection
EndGlobal
